
Microsoft Visual Studio Solution File, Format Version 12.00
# Visual Studio Version 17
VisualStudioVersion = 17.0.31903.59
MinimumVisualStudioVersion = 10.0.40219.1
Project("{FAE04EC0-301F-11D3-BF4B-00C04F79EFBC}") = "PetFamily.WEB", "src\PetFamily.WEB\PetFamily.WEB.csproj", "{DC479314-3E80-422F-A049-5D05DC73367C}"
EndProject
Project("{2150E333-8FDC-42A3-9474-1A3956D46DE8}") = "Solution Items", "Solution Items", "{828CE83E-3751-40CA-A989-722AB69E0E0E}"
	ProjectSection(SolutionItems) = preProject
		docker-compose.yml = docker-compose.yml
	EndProjectSection
EndProject
Project("{2150E333-8FDC-42A3-9474-1A3956D46DE8}") = "Tests", "Tests", "{566D6030-1478-4DEF-BEFB-EFCD059207C5}"
EndProject
Project("{FAE04EC0-301F-11D3-BF4B-00C04F79EFBC}") = "PetFamily.Domain.UnitTests", "PetFamily.Domain.UnitTests\PetFamily.Domain.UnitTests.csproj", "{C0612F33-F5CE-401B-8245-F7D4D2E58593}"
EndProject
Project("{FAE04EC0-301F-11D3-BF4B-00C04F79EFBC}") = "PetFamily.Application.UnitTests", "PetFamily.Application.UnitTests\PetFamily.Application.UnitTests.csproj", "{86025E29-2C8D-4744-9666-2821FDD06D92}"
EndProject
Project("{2150E333-8FDC-42A3-9474-1A3956D46DE8}") = "src", "src", "{7FDAE5B8-1501-49B9-BEF8-CF779C1A2261}"
EndProject
Project("{2150E333-8FDC-42A3-9474-1A3956D46DE8}") = "Volunteers", "Volunteers", "{1285F4BE-C100-4B2B-BBF1-778303966F98}"
EndProject
Project("{2150E333-8FDC-42A3-9474-1A3956D46DE8}") = "Species", "Species", "{4B2E4DED-326A-461B-992C-B4459E90E93C}"
EndProject
Project("{2150E333-8FDC-42A3-9474-1A3956D46DE8}") = "Shared", "Shared", "{7DFFA7BE-8300-4D5A-8361-0162230A1D72}"
EndProject
Project("{FAE04EC0-301F-11D3-BF4B-00C04F79EFBC}") = "PetFamily.Core", "src\Shared\PetFamily.Core\PetFamily.Core.csproj", "{A7E436E2-74A3-4F13-945E-257143D69203}"
EndProject
Project("{FAE04EC0-301F-11D3-BF4B-00C04F79EFBC}") = "PetFamily.Framework", "src\Shared\PetFamily.Framework\PetFamily.Framework.csproj", "{152099DA-31C0-4AE8-8338-479B9C8F6C48}"
EndProject
Project("{FAE04EC0-301F-11D3-BF4B-00C04F79EFBC}") = "PetFamily.SharedKernel", "src\Shared\PetFamily.SharedKernel\PetFamily.SharedKernel.csproj", "{1435336F-7FAD-45B4-9B15-4CCB74C5750C}"
EndProject
Project("{FAE04EC0-301F-11D3-BF4B-00C04F79EFBC}") = "PetFamily.Species.Application", "src\Species\PetFamily.Species.Application\PetFamily.Species.Application.csproj", "{1E93477B-C54C-44B6-87E0-E3C2BB2BD4E5}"
EndProject
Project("{FAE04EC0-301F-11D3-BF4B-00C04F79EFBC}") = "PetFamily.Species.Domain", "src\Species\PetFamily.Species.Domain\PetFamily.Species.Domain.csproj", "{F5E78D1D-6B33-4B88-BED3-A1E093EF1190}"
EndProject
Project("{FAE04EC0-301F-11D3-BF4B-00C04F79EFBC}") = "PetFamily.Species.Contracts", "src\Species\PetFamily.Species.Contracts\PetFamily.Species.Contracts.csproj", "{B8C43A4B-8EC2-4823-A8B7-4FE41D38DBCE}"
EndProject
Project("{FAE04EC0-301F-11D3-BF4B-00C04F79EFBC}") = "PetFamily.Species.Presentation", "src\Species\PetFamily.Species.Presentation\PetFamily.Species.Presentation.csproj", "{44C6BF09-0397-47F1-A4A8-59271E3573A2}"
EndProject
Project("{FAE04EC0-301F-11D3-BF4B-00C04F79EFBC}") = "PetFamily.Species.Infrastructure", "src\Species\PetFamily.Species.Infrastructure\PetFamily.Species.Infrastructure.csproj", "{303457F1-CF3D-4369-8731-F7A7B9FE3528}"
EndProject
Project("{FAE04EC0-301F-11D3-BF4B-00C04F79EFBC}") = "PetFamily.Volunteers.Application", "src\Volunteers\PetFamily.Volunteers.Application\PetFamily.Volunteers.Application.csproj", "{91132D0E-B22B-4847-BB4D-B2B781DBCCF2}"
EndProject
Project("{FAE04EC0-301F-11D3-BF4B-00C04F79EFBC}") = "PetFamily.Volunteers.Domain", "src\Volunteers\PetFamily.Volunteers.Domain\PetFamily.Volunteers.Domain.csproj", "{23D9B2C2-40AC-4954-B3F4-8206F01F941A}"
EndProject
Project("{FAE04EC0-301F-11D3-BF4B-00C04F79EFBC}") = "PetFamily.Volunteers.Infrastructure", "src\Volunteers\PetFamily.Volunteers.Infrastructure\PetFamily.Volunteers.Infrastructure.csproj", "{D8F9A079-F756-4F4A-B0C2-54DA69112F83}"
EndProject
Project("{FAE04EC0-301F-11D3-BF4B-00C04F79EFBC}") = "PetFamily.Volunteers.Contracts", "src\Volunteers\PetFamily.Volunteers.Contracts\PetFamily.Volunteers.Contracts.csproj", "{5176736E-A2BF-4850-B122-D3DE22622654}"
EndProject
Project("{FAE04EC0-301F-11D3-BF4B-00C04F79EFBC}") = "PetFamily.Volunteers.Presentation", "src\Volunteers\PetFamily.Volunteers.Presentation\PetFamily.Volunteers.Presentation.csproj", "{3A2F2AE2-116B-4461-AA62-CF3E1CD693AA}"
EndProject
Project("{2150E333-8FDC-42A3-9474-1A3956D46DE8}") = "Accounts", "Accounts", "{2D859D53-DB25-46AC-AE2B-11831DDD64C3}"
EndProject
Project("{FAE04EC0-301F-11D3-BF4B-00C04F79EFBC}") = "PetFamily.Accounts.Application", "src\PetFamily.Accounts.Application\PetFamily.Accounts.Application.csproj", "{B6467153-BD12-4593-B2FE-00544F65DCD1}"
EndProject
Project("{FAE04EC0-301F-11D3-BF4B-00C04F79EFBC}") = "PetFamily.Accounts.Domain", "src\PetFamily.Accounts.Domain\PetFamily.Accounts.Domain.csproj", "{E7194593-E798-43E8-82D1-8D52BFCA84AA}"
EndProject
Project("{FAE04EC0-301F-11D3-BF4B-00C04F79EFBC}") = "PetFamily.Accounts.Infrastructure", "src\PetFamily.Accounts.Infrastructure\PetFamily.Accounts.Infrastructure.csproj", "{521002BC-FD23-4413-BE66-88AD932D5274}"
EndProject
Project("{FAE04EC0-301F-11D3-BF4B-00C04F79EFBC}") = "PetFamily.Accounts.Contracts", "src\PetFamily.Accounts.Contracts\PetFamily.Accounts.Contracts.csproj", "{99BFE134-B6B7-4945-B2F4-847C4861AB85}"
EndProject
Project("{FAE04EC0-301F-11D3-BF4B-00C04F79EFBC}") = "PetFamily.Accounts.Presentation", "src\PetFamily.Accounts.Presentation\PetFamily.Accounts.Presentation.csproj", "{64393B88-A4A2-48E5-93B6-CEBE921D5289}"
EndProject
Global
	GlobalSection(SolutionConfigurationPlatforms) = preSolution
		Debug|Any CPU = Debug|Any CPU
		Release|Any CPU = Release|Any CPU
	EndGlobalSection
	GlobalSection(SolutionProperties) = preSolution
		HideSolutionNode = FALSE
	EndGlobalSection
	GlobalSection(ProjectConfigurationPlatforms) = postSolution
		{DC479314-3E80-422F-A049-5D05DC73367C}.Debug|Any CPU.ActiveCfg = Debug|Any CPU
		{DC479314-3E80-422F-A049-5D05DC73367C}.Debug|Any CPU.Build.0 = Debug|Any CPU
		{DC479314-3E80-422F-A049-5D05DC73367C}.Release|Any CPU.ActiveCfg = Release|Any CPU
		{DC479314-3E80-422F-A049-5D05DC73367C}.Release|Any CPU.Build.0 = Release|Any CPU
		{C0612F33-F5CE-401B-8245-F7D4D2E58593}.Debug|Any CPU.ActiveCfg = Debug|Any CPU
		{C0612F33-F5CE-401B-8245-F7D4D2E58593}.Debug|Any CPU.Build.0 = Debug|Any CPU
		{C0612F33-F5CE-401B-8245-F7D4D2E58593}.Release|Any CPU.ActiveCfg = Release|Any CPU
		{C0612F33-F5CE-401B-8245-F7D4D2E58593}.Release|Any CPU.Build.0 = Release|Any CPU
		{86025E29-2C8D-4744-9666-2821FDD06D92}.Debug|Any CPU.ActiveCfg = Debug|Any CPU
		{86025E29-2C8D-4744-9666-2821FDD06D92}.Debug|Any CPU.Build.0 = Debug|Any CPU
		{86025E29-2C8D-4744-9666-2821FDD06D92}.Release|Any CPU.ActiveCfg = Release|Any CPU
		{86025E29-2C8D-4744-9666-2821FDD06D92}.Release|Any CPU.Build.0 = Release|Any CPU
		{A7E436E2-74A3-4F13-945E-257143D69203}.Debug|Any CPU.ActiveCfg = Debug|Any CPU
		{A7E436E2-74A3-4F13-945E-257143D69203}.Debug|Any CPU.Build.0 = Debug|Any CPU
		{A7E436E2-74A3-4F13-945E-257143D69203}.Release|Any CPU.ActiveCfg = Release|Any CPU
		{A7E436E2-74A3-4F13-945E-257143D69203}.Release|Any CPU.Build.0 = Release|Any CPU
		{152099DA-31C0-4AE8-8338-479B9C8F6C48}.Debug|Any CPU.ActiveCfg = Debug|Any CPU
		{152099DA-31C0-4AE8-8338-479B9C8F6C48}.Debug|Any CPU.Build.0 = Debug|Any CPU
		{152099DA-31C0-4AE8-8338-479B9C8F6C48}.Release|Any CPU.ActiveCfg = Release|Any CPU
		{152099DA-31C0-4AE8-8338-479B9C8F6C48}.Release|Any CPU.Build.0 = Release|Any CPU
		{1435336F-7FAD-45B4-9B15-4CCB74C5750C}.Debug|Any CPU.ActiveCfg = Debug|Any CPU
		{1435336F-7FAD-45B4-9B15-4CCB74C5750C}.Debug|Any CPU.Build.0 = Debug|Any CPU
		{1435336F-7FAD-45B4-9B15-4CCB74C5750C}.Release|Any CPU.ActiveCfg = Release|Any CPU
		{1435336F-7FAD-45B4-9B15-4CCB74C5750C}.Release|Any CPU.Build.0 = Release|Any CPU
		{1E93477B-C54C-44B6-87E0-E3C2BB2BD4E5}.Debug|Any CPU.ActiveCfg = Debug|Any CPU
		{1E93477B-C54C-44B6-87E0-E3C2BB2BD4E5}.Debug|Any CPU.Build.0 = Debug|Any CPU
		{1E93477B-C54C-44B6-87E0-E3C2BB2BD4E5}.Release|Any CPU.ActiveCfg = Release|Any CPU
		{1E93477B-C54C-44B6-87E0-E3C2BB2BD4E5}.Release|Any CPU.Build.0 = Release|Any CPU
		{F5E78D1D-6B33-4B88-BED3-A1E093EF1190}.Debug|Any CPU.ActiveCfg = Debug|Any CPU
		{F5E78D1D-6B33-4B88-BED3-A1E093EF1190}.Debug|Any CPU.Build.0 = Debug|Any CPU
		{F5E78D1D-6B33-4B88-BED3-A1E093EF1190}.Release|Any CPU.ActiveCfg = Release|Any CPU
		{F5E78D1D-6B33-4B88-BED3-A1E093EF1190}.Release|Any CPU.Build.0 = Release|Any CPU
		{B8C43A4B-8EC2-4823-A8B7-4FE41D38DBCE}.Debug|Any CPU.ActiveCfg = Debug|Any CPU
		{B8C43A4B-8EC2-4823-A8B7-4FE41D38DBCE}.Debug|Any CPU.Build.0 = Debug|Any CPU
		{B8C43A4B-8EC2-4823-A8B7-4FE41D38DBCE}.Release|Any CPU.ActiveCfg = Release|Any CPU
		{B8C43A4B-8EC2-4823-A8B7-4FE41D38DBCE}.Release|Any CPU.Build.0 = Release|Any CPU
		{44C6BF09-0397-47F1-A4A8-59271E3573A2}.Debug|Any CPU.ActiveCfg = Debug|Any CPU
		{44C6BF09-0397-47F1-A4A8-59271E3573A2}.Debug|Any CPU.Build.0 = Debug|Any CPU
		{44C6BF09-0397-47F1-A4A8-59271E3573A2}.Release|Any CPU.ActiveCfg = Release|Any CPU
		{44C6BF09-0397-47F1-A4A8-59271E3573A2}.Release|Any CPU.Build.0 = Release|Any CPU
		{303457F1-CF3D-4369-8731-F7A7B9FE3528}.Debug|Any CPU.ActiveCfg = Debug|Any CPU
		{303457F1-CF3D-4369-8731-F7A7B9FE3528}.Debug|Any CPU.Build.0 = Debug|Any CPU
		{303457F1-CF3D-4369-8731-F7A7B9FE3528}.Release|Any CPU.ActiveCfg = Release|Any CPU
		{303457F1-CF3D-4369-8731-F7A7B9FE3528}.Release|Any CPU.Build.0 = Release|Any CPU
		{91132D0E-B22B-4847-BB4D-B2B781DBCCF2}.Debug|Any CPU.ActiveCfg = Debug|Any CPU
		{91132D0E-B22B-4847-BB4D-B2B781DBCCF2}.Debug|Any CPU.Build.0 = Debug|Any CPU
		{91132D0E-B22B-4847-BB4D-B2B781DBCCF2}.Release|Any CPU.ActiveCfg = Release|Any CPU
		{91132D0E-B22B-4847-BB4D-B2B781DBCCF2}.Release|Any CPU.Build.0 = Release|Any CPU
		{23D9B2C2-40AC-4954-B3F4-8206F01F941A}.Debug|Any CPU.ActiveCfg = Debug|Any CPU
		{23D9B2C2-40AC-4954-B3F4-8206F01F941A}.Debug|Any CPU.Build.0 = Debug|Any CPU
		{23D9B2C2-40AC-4954-B3F4-8206F01F941A}.Release|Any CPU.ActiveCfg = Release|Any CPU
		{23D9B2C2-40AC-4954-B3F4-8206F01F941A}.Release|Any CPU.Build.0 = Release|Any CPU
		{D8F9A079-F756-4F4A-B0C2-54DA69112F83}.Debug|Any CPU.ActiveCfg = Debug|Any CPU
		{D8F9A079-F756-4F4A-B0C2-54DA69112F83}.Debug|Any CPU.Build.0 = Debug|Any CPU
		{D8F9A079-F756-4F4A-B0C2-54DA69112F83}.Release|Any CPU.ActiveCfg = Release|Any CPU
		{D8F9A079-F756-4F4A-B0C2-54DA69112F83}.Release|Any CPU.Build.0 = Release|Any CPU
		{5176736E-A2BF-4850-B122-D3DE22622654}.Debug|Any CPU.ActiveCfg = Debug|Any CPU
		{5176736E-A2BF-4850-B122-D3DE22622654}.Debug|Any CPU.Build.0 = Debug|Any CPU
		{5176736E-A2BF-4850-B122-D3DE22622654}.Release|Any CPU.ActiveCfg = Release|Any CPU
		{5176736E-A2BF-4850-B122-D3DE22622654}.Release|Any CPU.Build.0 = Release|Any CPU
		{3A2F2AE2-116B-4461-AA62-CF3E1CD693AA}.Debug|Any CPU.ActiveCfg = Debug|Any CPU
		{3A2F2AE2-116B-4461-AA62-CF3E1CD693AA}.Debug|Any CPU.Build.0 = Debug|Any CPU
		{3A2F2AE2-116B-4461-AA62-CF3E1CD693AA}.Release|Any CPU.ActiveCfg = Release|Any CPU
		{3A2F2AE2-116B-4461-AA62-CF3E1CD693AA}.Release|Any CPU.Build.0 = Release|Any CPU
		{B6467153-BD12-4593-B2FE-00544F65DCD1}.Debug|Any CPU.ActiveCfg = Debug|Any CPU
		{B6467153-BD12-4593-B2FE-00544F65DCD1}.Debug|Any CPU.Build.0 = Debug|Any CPU
		{B6467153-BD12-4593-B2FE-00544F65DCD1}.Release|Any CPU.ActiveCfg = Release|Any CPU
		{B6467153-BD12-4593-B2FE-00544F65DCD1}.Release|Any CPU.Build.0 = Release|Any CPU
		{E7194593-E798-43E8-82D1-8D52BFCA84AA}.Debug|Any CPU.ActiveCfg = Debug|Any CPU
		{E7194593-E798-43E8-82D1-8D52BFCA84AA}.Debug|Any CPU.Build.0 = Debug|Any CPU
		{E7194593-E798-43E8-82D1-8D52BFCA84AA}.Release|Any CPU.ActiveCfg = Release|Any CPU
		{E7194593-E798-43E8-82D1-8D52BFCA84AA}.Release|Any CPU.Build.0 = Release|Any CPU
		{521002BC-FD23-4413-BE66-88AD932D5274}.Debug|Any CPU.ActiveCfg = Debug|Any CPU
		{521002BC-FD23-4413-BE66-88AD932D5274}.Debug|Any CPU.Build.0 = Debug|Any CPU
		{521002BC-FD23-4413-BE66-88AD932D5274}.Release|Any CPU.ActiveCfg = Release|Any CPU
		{521002BC-FD23-4413-BE66-88AD932D5274}.Release|Any CPU.Build.0 = Release|Any CPU
		{99BFE134-B6B7-4945-B2F4-847C4861AB85}.Debug|Any CPU.ActiveCfg = Debug|Any CPU
		{99BFE134-B6B7-4945-B2F4-847C4861AB85}.Debug|Any CPU.Build.0 = Debug|Any CPU
		{99BFE134-B6B7-4945-B2F4-847C4861AB85}.Release|Any CPU.ActiveCfg = Release|Any CPU
		{99BFE134-B6B7-4945-B2F4-847C4861AB85}.Release|Any CPU.Build.0 = Release|Any CPU
		{64393B88-A4A2-48E5-93B6-CEBE921D5289}.Debug|Any CPU.ActiveCfg = Debug|Any CPU
		{64393B88-A4A2-48E5-93B6-CEBE921D5289}.Debug|Any CPU.Build.0 = Debug|Any CPU
		{64393B88-A4A2-48E5-93B6-CEBE921D5289}.Release|Any CPU.ActiveCfg = Release|Any CPU
		{64393B88-A4A2-48E5-93B6-CEBE921D5289}.Release|Any CPU.Build.0 = Release|Any CPU
	EndGlobalSection
	GlobalSection(NestedProjects) = preSolution
		{C0612F33-F5CE-401B-8245-F7D4D2E58593} = {566D6030-1478-4DEF-BEFB-EFCD059207C5}
		{86025E29-2C8D-4744-9666-2821FDD06D92} = {566D6030-1478-4DEF-BEFB-EFCD059207C5}
		{1285F4BE-C100-4B2B-BBF1-778303966F98} = {7FDAE5B8-1501-49B9-BEF8-CF779C1A2261}
		{4B2E4DED-326A-461B-992C-B4459E90E93C} = {7FDAE5B8-1501-49B9-BEF8-CF779C1A2261}
		{7DFFA7BE-8300-4D5A-8361-0162230A1D72} = {7FDAE5B8-1501-49B9-BEF8-CF779C1A2261}
		{A7E436E2-74A3-4F13-945E-257143D69203} = {7DFFA7BE-8300-4D5A-8361-0162230A1D72}
		{152099DA-31C0-4AE8-8338-479B9C8F6C48} = {7DFFA7BE-8300-4D5A-8361-0162230A1D72}
		{1435336F-7FAD-45B4-9B15-4CCB74C5750C} = {7DFFA7BE-8300-4D5A-8361-0162230A1D72}
		{1E93477B-C54C-44B6-87E0-E3C2BB2BD4E5} = {4B2E4DED-326A-461B-992C-B4459E90E93C}
		{F5E78D1D-6B33-4B88-BED3-A1E093EF1190} = {4B2E4DED-326A-461B-992C-B4459E90E93C}
		{B8C43A4B-8EC2-4823-A8B7-4FE41D38DBCE} = {4B2E4DED-326A-461B-992C-B4459E90E93C}
		{44C6BF09-0397-47F1-A4A8-59271E3573A2} = {4B2E4DED-326A-461B-992C-B4459E90E93C}
		{303457F1-CF3D-4369-8731-F7A7B9FE3528} = {4B2E4DED-326A-461B-992C-B4459E90E93C}
		{91132D0E-B22B-4847-BB4D-B2B781DBCCF2} = {1285F4BE-C100-4B2B-BBF1-778303966F98}
		{23D9B2C2-40AC-4954-B3F4-8206F01F941A} = {1285F4BE-C100-4B2B-BBF1-778303966F98}
		{D8F9A079-F756-4F4A-B0C2-54DA69112F83} = {1285F4BE-C100-4B2B-BBF1-778303966F98}
		{5176736E-A2BF-4850-B122-D3DE22622654} = {1285F4BE-C100-4B2B-BBF1-778303966F98}
		{3A2F2AE2-116B-4461-AA62-CF3E1CD693AA} = {1285F4BE-C100-4B2B-BBF1-778303966F98}
		{DC479314-3E80-422F-A049-5D05DC73367C} = {7FDAE5B8-1501-49B9-BEF8-CF779C1A2261}
		{2D859D53-DB25-46AC-AE2B-11831DDD64C3} = {7FDAE5B8-1501-49B9-BEF8-CF779C1A2261}
		{B6467153-BD12-4593-B2FE-00544F65DCD1} = {2D859D53-DB25-46AC-AE2B-11831DDD64C3}
		{E7194593-E798-43E8-82D1-8D52BFCA84AA} = {2D859D53-DB25-46AC-AE2B-11831DDD64C3}
		{521002BC-FD23-4413-BE66-88AD932D5274} = {2D859D53-DB25-46AC-AE2B-11831DDD64C3}
		{99BFE134-B6B7-4945-B2F4-847C4861AB85} = {2D859D53-DB25-46AC-AE2B-11831DDD64C3}
		{64393B88-A4A2-48E5-93B6-CEBE921D5289} = {2D859D53-DB25-46AC-AE2B-11831DDD64C3}
	EndGlobalSection
EndGlobal
